
Microsoft Visual Studio Solution File, Format Version 12.00
# Visual Studio 14
VisualStudioVersion = 14.0.25420.1
MinimumVisualStudioVersion = 10.0.40219.1
Project("{FAE04EC0-301F-11D3-BF4B-00C04F79EFBC}") = "Whip.ViewModels", "Whip.ViewModels\Whip.ViewModels.csproj", "{0D421905-07EC-46A2-B783-3744A1CEB4C8}"
EndProject
Project("{FAE04EC0-301F-11D3-BF4B-00C04F79EFBC}") = "Whip.Common", "Whip.Common\Whip.Common.csproj", "{B0ADACAB-F30C-4F94-B72A-32BF97A37E8B}"
EndProject
Project("{FAE04EC0-301F-11D3-BF4B-00C04F79EFBC}") = "Whip.Services.Interfaces", "Whip.Services.Interfaces\Whip.Services.Interfaces.csproj", "{2107D5AB-8805-4C97-B657-46E5EAECB0E3}"
EndProject
Project("{FAE04EC0-301F-11D3-BF4B-00C04F79EFBC}") = "Whip.Services", "Whip.Services\Whip.Services.csproj", "{6F9AAC6C-7761-423B-A4FB-9C69E81E58F1}"
EndProject
Project("{FAE04EC0-301F-11D3-BF4B-00C04F79EFBC}") = "Whip.Services.Tests", "Whip.Services.Tests\Whip.Services.Tests.csproj", "{DF8B8DC1-F70F-41AB-AB24-248C35984DDF}"
EndProject
Project("{FAE04EC0-301F-11D3-BF4B-00C04F79EFBC}") = "Whip.ViewModels.Tests", "Whip.ViewModels.Tests\Whip.ViewModels.Tests.csproj", "{AB92A8E0-CE34-4EF5-BBCE-19AE1A16C40D}"
EndProject
Project("{2150E333-8FDC-42A3-9474-1A3956D46DE8}") = "5. Tests", "5. Tests", "{596B4213-C770-47D8-8334-39F068CEDF84}"
EndProject
Project("{2150E333-8FDC-42A3-9474-1A3956D46DE8}") = "1. View", "1. View", "{0DA057BF-420B-4ED2-90C1-9E3060DEB8A1}"
EndProject
Project("{2150E333-8FDC-42A3-9474-1A3956D46DE8}") = "2. Common", "2. Common", "{4C1F814F-AE93-46E8-8894-3E13DE413524}"
EndProject
Project("{2150E333-8FDC-42A3-9474-1A3956D46DE8}") = "3. Services", "3. Services", "{A8DECE5F-4B99-40D2-9DF5-67B74E9598A4}"
EndProject
Project("{FAE04EC0-301F-11D3-BF4B-00C04F79EFBC}") = "Whip.ExternalLibraries.Tests", "Whip.ThirdPartyLibraries.Tests\Whip.ExternalLibraries.Tests.csproj", "{F6055C2C-AEBD-45CD-9638-08DEB5208EEF}"
EndProject
Project("{2150E333-8FDC-42A3-9474-1A3956D46DE8}") = "6. LastFm", "6. LastFm", "{B376A77E-462F-48B3-9B76-1206039D553A}"
EndProject
Project("{2150E333-8FDC-42A3-9474-1A3956D46DE8}") = "4. External Libraries", "4. External Libraries", "{2D7BA897-7C75-49EF-88AE-F94F8007A188}"
EndProject
Project("{FAE04EC0-301F-11D3-BF4B-00C04F79EFBC}") = "Whip.LastFm", "Whip.LastFm\Whip.LastFm.csproj", "{D045C31F-E8B5-41AC-B6C9-D0C9120AA799}"
EndProject
Project("{FAE04EC0-301F-11D3-BF4B-00C04F79EFBC}") = "Whip.TagLibSharp", "Whip.TagLibSharp\Whip.TagLibSharp.csproj", "{CFBC7910-B952-4227-9294-810F4D6C17CB}"
EndProject
Project("{FAE04EC0-301F-11D3-BF4B-00C04F79EFBC}") = "Whip.WmpPlayer", "Whip.WmpPlayer\Whip.WmpPlayer.csproj", "{C92C0139-3455-4C11-9456-BB5EB7B03B8A}"
EndProject
Project("{FAE04EC0-301F-11D3-BF4B-00C04F79EFBC}") = "LastFmApi", "LastFmApi\LastFmApi.csproj", "{5143B7CD-60E1-4EE1-AC8A-91D1847D7C7B}"
EndProject
Project("{FAE04EC0-301F-11D3-BF4B-00C04F79EFBC}") = "Whip.NLog", "Whip.Logging\Whip.NLog.csproj", "{E3213160-47F9-4D7C-8374-ACB695281432}"
EndProject
Project("{FAE04EC0-301F-11D3-BF4B-00C04F79EFBC}") = "Whip.XmlDataAccess", "Whip.XmlDataAccess\Whip.XmlDataAccess.csproj", "{FD47AD0A-3499-440A-85B3-786B86E69E3D}"
EndProject
Project("{FAE04EC0-301F-11D3-BF4B-00C04F79EFBC}") = "Whip.TweetInvi", "Whip.TweetInvi\Whip.TweetInvi.csproj", "{BDBDA3CD-E707-496C-B1AA-C4FF83764CA6}"
EndProject
Project("{FAE04EC0-301F-11D3-BF4B-00C04F79EFBC}") = "Whip.LyricApi", "Whip.LyricApi\Whip.LyricApi.csproj", "{FD7FD90E-294A-4966-AF3C-A3AAC3253C86}"
EndProject
Project("{930C7802-8A8C-48F9-8165-68863BCCD9DD}") = "Setup", "Setup\Setup.wixproj", "{BA25D2F9-B0A3-4AD4-B947-EA6F2663687C}"
EndProject
Project("{2150E333-8FDC-42A3-9474-1A3956D46DE8}") = "7. Installer", "7. Installer", "{03370A77-911A-4999-9ACD-1AAC59D3B27D}"
EndProject
Project("{FAE04EC0-301F-11D3-BF4B-00C04F79EFBC}") = "Whip", "Whip\Whip.csproj", "{F826888B-3BAB-41B8-9ED6-5B790645D1C2}"
EndProject
Global
	GlobalSection(SolutionConfigurationPlatforms) = preSolution
		Debug|Any CPU = Debug|Any CPU
		Debug|x64 = Debug|x64
		Debug|x86 = Debug|x86
		Release|Any CPU = Release|Any CPU
		Release|x64 = Release|x64
		Release|x86 = Release|x86
	EndGlobalSection
	GlobalSection(ProjectConfigurationPlatforms) = postSolution
		{0D421905-07EC-46A2-B783-3744A1CEB4C8}.Debug|Any CPU.ActiveCfg = Debug|Any CPU
		{0D421905-07EC-46A2-B783-3744A1CEB4C8}.Debug|Any CPU.Build.0 = Debug|Any CPU
		{0D421905-07EC-46A2-B783-3744A1CEB4C8}.Debug|x64.ActiveCfg = Debug|x64
		{0D421905-07EC-46A2-B783-3744A1CEB4C8}.Debug|x64.Build.0 = Debug|x64
		{0D421905-07EC-46A2-B783-3744A1CEB4C8}.Debug|x86.ActiveCfg = Debug|Any CPU
		{0D421905-07EC-46A2-B783-3744A1CEB4C8}.Debug|x86.Build.0 = Debug|Any CPU
		{0D421905-07EC-46A2-B783-3744A1CEB4C8}.Release|Any CPU.ActiveCfg = Release|Any CPU
		{0D421905-07EC-46A2-B783-3744A1CEB4C8}.Release|Any CPU.Build.0 = Release|Any CPU
		{0D421905-07EC-46A2-B783-3744A1CEB4C8}.Release|x64.ActiveCfg = Release|x64
		{0D421905-07EC-46A2-B783-3744A1CEB4C8}.Release|x64.Build.0 = Release|x64
		{0D421905-07EC-46A2-B783-3744A1CEB4C8}.Release|x86.ActiveCfg = Release|Any CPU
		{0D421905-07EC-46A2-B783-3744A1CEB4C8}.Release|x86.Build.0 = Release|Any CPU
		{B0ADACAB-F30C-4F94-B72A-32BF97A37E8B}.Debug|Any CPU.ActiveCfg = Debug|Any CPU
		{B0ADACAB-F30C-4F94-B72A-32BF97A37E8B}.Debug|Any CPU.Build.0 = Debug|Any CPU
		{B0ADACAB-F30C-4F94-B72A-32BF97A37E8B}.Debug|x64.ActiveCfg = Debug|x64
		{B0ADACAB-F30C-4F94-B72A-32BF97A37E8B}.Debug|x64.Build.0 = Debug|x64
		{B0ADACAB-F30C-4F94-B72A-32BF97A37E8B}.Debug|x86.ActiveCfg = Debug|Any CPU
		{B0ADACAB-F30C-4F94-B72A-32BF97A37E8B}.Debug|x86.Build.0 = Debug|Any CPU
		{B0ADACAB-F30C-4F94-B72A-32BF97A37E8B}.Release|Any CPU.ActiveCfg = Release|Any CPU
		{B0ADACAB-F30C-4F94-B72A-32BF97A37E8B}.Release|Any CPU.Build.0 = Release|Any CPU
		{B0ADACAB-F30C-4F94-B72A-32BF97A37E8B}.Release|x64.ActiveCfg = Release|x64
		{B0ADACAB-F30C-4F94-B72A-32BF97A37E8B}.Release|x64.Build.0 = Release|x64
		{B0ADACAB-F30C-4F94-B72A-32BF97A37E8B}.Release|x86.ActiveCfg = Release|Any CPU
		{B0ADACAB-F30C-4F94-B72A-32BF97A37E8B}.Release|x86.Build.0 = Release|Any CPU
		{2107D5AB-8805-4C97-B657-46E5EAECB0E3}.Debug|Any CPU.ActiveCfg = Debug|Any CPU
		{2107D5AB-8805-4C97-B657-46E5EAECB0E3}.Debug|Any CPU.Build.0 = Debug|Any CPU
		{2107D5AB-8805-4C97-B657-46E5EAECB0E3}.Debug|x64.ActiveCfg = Debug|x64
		{2107D5AB-8805-4C97-B657-46E5EAECB0E3}.Debug|x64.Build.0 = Debug|x64
		{2107D5AB-8805-4C97-B657-46E5EAECB0E3}.Debug|x86.ActiveCfg = Debug|Any CPU
		{2107D5AB-8805-4C97-B657-46E5EAECB0E3}.Debug|x86.Build.0 = Debug|Any CPU
		{2107D5AB-8805-4C97-B657-46E5EAECB0E3}.Release|Any CPU.ActiveCfg = Release|Any CPU
		{2107D5AB-8805-4C97-B657-46E5EAECB0E3}.Release|Any CPU.Build.0 = Release|Any CPU
		{2107D5AB-8805-4C97-B657-46E5EAECB0E3}.Release|x64.ActiveCfg = Release|x64
		{2107D5AB-8805-4C97-B657-46E5EAECB0E3}.Release|x64.Build.0 = Release|x64
		{2107D5AB-8805-4C97-B657-46E5EAECB0E3}.Release|x86.ActiveCfg = Release|Any CPU
		{2107D5AB-8805-4C97-B657-46E5EAECB0E3}.Release|x86.Build.0 = Release|Any CPU
		{6F9AAC6C-7761-423B-A4FB-9C69E81E58F1}.Debug|Any CPU.ActiveCfg = Debug|Any CPU
		{6F9AAC6C-7761-423B-A4FB-9C69E81E58F1}.Debug|Any CPU.Build.0 = Debug|Any CPU
		{6F9AAC6C-7761-423B-A4FB-9C69E81E58F1}.Debug|x64.ActiveCfg = Debug|x64
		{6F9AAC6C-7761-423B-A4FB-9C69E81E58F1}.Debug|x64.Build.0 = Debug|x64
		{6F9AAC6C-7761-423B-A4FB-9C69E81E58F1}.Debug|x86.ActiveCfg = Debug|Any CPU
		{6F9AAC6C-7761-423B-A4FB-9C69E81E58F1}.Debug|x86.Build.0 = Debug|Any CPU
		{6F9AAC6C-7761-423B-A4FB-9C69E81E58F1}.Release|Any CPU.ActiveCfg = Release|Any CPU
		{6F9AAC6C-7761-423B-A4FB-9C69E81E58F1}.Release|Any CPU.Build.0 = Release|Any CPU
		{6F9AAC6C-7761-423B-A4FB-9C69E81E58F1}.Release|x64.ActiveCfg = Release|x64
		{6F9AAC6C-7761-423B-A4FB-9C69E81E58F1}.Release|x64.Build.0 = Release|x64
		{6F9AAC6C-7761-423B-A4FB-9C69E81E58F1}.Release|x86.ActiveCfg = Release|Any CPU
		{6F9AAC6C-7761-423B-A4FB-9C69E81E58F1}.Release|x86.Build.0 = Release|Any CPU
		{DF8B8DC1-F70F-41AB-AB24-248C35984DDF}.Debug|Any CPU.ActiveCfg = Debug|Any CPU
		{DF8B8DC1-F70F-41AB-AB24-248C35984DDF}.Debug|Any CPU.Build.0 = Debug|Any CPU
		{DF8B8DC1-F70F-41AB-AB24-248C35984DDF}.Debug|x64.ActiveCfg = Debug|x64
		{DF8B8DC1-F70F-41AB-AB24-248C35984DDF}.Debug|x64.Build.0 = Debug|x64
		{DF8B8DC1-F70F-41AB-AB24-248C35984DDF}.Debug|x86.ActiveCfg = Debug|Any CPU
		{DF8B8DC1-F70F-41AB-AB24-248C35984DDF}.Debug|x86.Build.0 = Debug|Any CPU
		{DF8B8DC1-F70F-41AB-AB24-248C35984DDF}.Release|Any CPU.ActiveCfg = Release|Any CPU
		{DF8B8DC1-F70F-41AB-AB24-248C35984DDF}.Release|Any CPU.Build.0 = Release|Any CPU
		{DF8B8DC1-F70F-41AB-AB24-248C35984DDF}.Release|x64.ActiveCfg = Release|x64
		{DF8B8DC1-F70F-41AB-AB24-248C35984DDF}.Release|x64.Build.0 = Release|x64
		{DF8B8DC1-F70F-41AB-AB24-248C35984DDF}.Release|x86.ActiveCfg = Release|Any CPU
		{DF8B8DC1-F70F-41AB-AB24-248C35984DDF}.Release|x86.Build.0 = Release|Any CPU
		{AB92A8E0-CE34-4EF5-BBCE-19AE1A16C40D}.Debug|Any CPU.ActiveCfg = Debug|Any CPU
		{AB92A8E0-CE34-4EF5-BBCE-19AE1A16C40D}.Debug|Any CPU.Build.0 = Debug|Any CPU
		{AB92A8E0-CE34-4EF5-BBCE-19AE1A16C40D}.Debug|x64.ActiveCfg = Debug|x64
		{AB92A8E0-CE34-4EF5-BBCE-19AE1A16C40D}.Debug|x64.Build.0 = Debug|x64
		{AB92A8E0-CE34-4EF5-BBCE-19AE1A16C40D}.Debug|x86.ActiveCfg = Debug|Any CPU
		{AB92A8E0-CE34-4EF5-BBCE-19AE1A16C40D}.Debug|x86.Build.0 = Debug|Any CPU
		{AB92A8E0-CE34-4EF5-BBCE-19AE1A16C40D}.Release|Any CPU.ActiveCfg = Release|Any CPU
		{AB92A8E0-CE34-4EF5-BBCE-19AE1A16C40D}.Release|Any CPU.Build.0 = Release|Any CPU
		{AB92A8E0-CE34-4EF5-BBCE-19AE1A16C40D}.Release|x64.ActiveCfg = Release|x64
		{AB92A8E0-CE34-4EF5-BBCE-19AE1A16C40D}.Release|x64.Build.0 = Release|x64
		{AB92A8E0-CE34-4EF5-BBCE-19AE1A16C40D}.Release|x86.ActiveCfg = Release|Any CPU
		{AB92A8E0-CE34-4EF5-BBCE-19AE1A16C40D}.Release|x86.Build.0 = Release|Any CPU
		{F6055C2C-AEBD-45CD-9638-08DEB5208EEF}.Debug|Any CPU.ActiveCfg = Debug|Any CPU
		{F6055C2C-AEBD-45CD-9638-08DEB5208EEF}.Debug|Any CPU.Build.0 = Debug|Any CPU
		{F6055C2C-AEBD-45CD-9638-08DEB5208EEF}.Debug|x64.ActiveCfg = Debug|x64
		{F6055C2C-AEBD-45CD-9638-08DEB5208EEF}.Debug|x64.Build.0 = Debug|x64
		{F6055C2C-AEBD-45CD-9638-08DEB5208EEF}.Debug|x86.ActiveCfg = Debug|Any CPU
		{F6055C2C-AEBD-45CD-9638-08DEB5208EEF}.Debug|x86.Build.0 = Debug|Any CPU
		{F6055C2C-AEBD-45CD-9638-08DEB5208EEF}.Release|Any CPU.ActiveCfg = Release|Any CPU
		{F6055C2C-AEBD-45CD-9638-08DEB5208EEF}.Release|Any CPU.Build.0 = Release|Any CPU
		{F6055C2C-AEBD-45CD-9638-08DEB5208EEF}.Release|x64.ActiveCfg = Release|x64
		{F6055C2C-AEBD-45CD-9638-08DEB5208EEF}.Release|x64.Build.0 = Release|x64
		{F6055C2C-AEBD-45CD-9638-08DEB5208EEF}.Release|x86.ActiveCfg = Release|Any CPU
		{F6055C2C-AEBD-45CD-9638-08DEB5208EEF}.Release|x86.Build.0 = Release|Any CPU
		{D045C31F-E8B5-41AC-B6C9-D0C9120AA799}.Debug|Any CPU.ActiveCfg = Debug|Any CPU
		{D045C31F-E8B5-41AC-B6C9-D0C9120AA799}.Debug|Any CPU.Build.0 = Debug|Any CPU
		{D045C31F-E8B5-41AC-B6C9-D0C9120AA799}.Debug|x64.ActiveCfg = Debug|x64
		{D045C31F-E8B5-41AC-B6C9-D0C9120AA799}.Debug|x64.Build.0 = Debug|x64
		{D045C31F-E8B5-41AC-B6C9-D0C9120AA799}.Debug|x86.ActiveCfg = Debug|Any CPU
		{D045C31F-E8B5-41AC-B6C9-D0C9120AA799}.Debug|x86.Build.0 = Debug|Any CPU
		{D045C31F-E8B5-41AC-B6C9-D0C9120AA799}.Release|Any CPU.ActiveCfg = Release|Any CPU
		{D045C31F-E8B5-41AC-B6C9-D0C9120AA799}.Release|Any CPU.Build.0 = Release|Any CPU
		{D045C31F-E8B5-41AC-B6C9-D0C9120AA799}.Release|x64.ActiveCfg = Release|x64
		{D045C31F-E8B5-41AC-B6C9-D0C9120AA799}.Release|x64.Build.0 = Release|x64
		{D045C31F-E8B5-41AC-B6C9-D0C9120AA799}.Release|x86.ActiveCfg = Release|Any CPU
		{D045C31F-E8B5-41AC-B6C9-D0C9120AA799}.Release|x86.Build.0 = Release|Any CPU
		{CFBC7910-B952-4227-9294-810F4D6C17CB}.Debug|Any CPU.ActiveCfg = Debug|Any CPU
		{CFBC7910-B952-4227-9294-810F4D6C17CB}.Debug|Any CPU.Build.0 = Debug|Any CPU
		{CFBC7910-B952-4227-9294-810F4D6C17CB}.Debug|x64.ActiveCfg = Debug|x64
		{CFBC7910-B952-4227-9294-810F4D6C17CB}.Debug|x64.Build.0 = Debug|x64
		{CFBC7910-B952-4227-9294-810F4D6C17CB}.Debug|x86.ActiveCfg = Debug|Any CPU
		{CFBC7910-B952-4227-9294-810F4D6C17CB}.Debug|x86.Build.0 = Debug|Any CPU
		{CFBC7910-B952-4227-9294-810F4D6C17CB}.Release|Any CPU.ActiveCfg = Release|Any CPU
		{CFBC7910-B952-4227-9294-810F4D6C17CB}.Release|Any CPU.Build.0 = Release|Any CPU
		{CFBC7910-B952-4227-9294-810F4D6C17CB}.Release|x64.ActiveCfg = Release|x64
		{CFBC7910-B952-4227-9294-810F4D6C17CB}.Release|x64.Build.0 = Release|x64
		{CFBC7910-B952-4227-9294-810F4D6C17CB}.Release|x86.ActiveCfg = Release|Any CPU
		{CFBC7910-B952-4227-9294-810F4D6C17CB}.Release|x86.Build.0 = Release|Any CPU
		{C92C0139-3455-4C11-9456-BB5EB7B03B8A}.Debug|Any CPU.ActiveCfg = Debug|Any CPU
		{C92C0139-3455-4C11-9456-BB5EB7B03B8A}.Debug|Any CPU.Build.0 = Debug|Any CPU
		{C92C0139-3455-4C11-9456-BB5EB7B03B8A}.Debug|x64.ActiveCfg = Debug|x64
		{C92C0139-3455-4C11-9456-BB5EB7B03B8A}.Debug|x64.Build.0 = Debug|x64
		{C92C0139-3455-4C11-9456-BB5EB7B03B8A}.Debug|x86.ActiveCfg = Debug|Any CPU
		{C92C0139-3455-4C11-9456-BB5EB7B03B8A}.Debug|x86.Build.0 = Debug|Any CPU
		{C92C0139-3455-4C11-9456-BB5EB7B03B8A}.Release|Any CPU.ActiveCfg = Release|Any CPU
		{C92C0139-3455-4C11-9456-BB5EB7B03B8A}.Release|Any CPU.Build.0 = Release|Any CPU
		{C92C0139-3455-4C11-9456-BB5EB7B03B8A}.Release|x64.ActiveCfg = Release|x64
		{C92C0139-3455-4C11-9456-BB5EB7B03B8A}.Release|x64.Build.0 = Release|x64
		{C92C0139-3455-4C11-9456-BB5EB7B03B8A}.Release|x86.ActiveCfg = Release|Any CPU
		{C92C0139-3455-4C11-9456-BB5EB7B03B8A}.Release|x86.Build.0 = Release|Any CPU
		{5143B7CD-60E1-4EE1-AC8A-91D1847D7C7B}.Debug|Any CPU.ActiveCfg = Debug|Any CPU
		{5143B7CD-60E1-4EE1-AC8A-91D1847D7C7B}.Debug|Any CPU.Build.0 = Debug|Any CPU
		{5143B7CD-60E1-4EE1-AC8A-91D1847D7C7B}.Debug|x64.ActiveCfg = Debug|x64
		{5143B7CD-60E1-4EE1-AC8A-91D1847D7C7B}.Debug|x64.Build.0 = Debug|x64
		{5143B7CD-60E1-4EE1-AC8A-91D1847D7C7B}.Debug|x86.ActiveCfg = Debug|Any CPU
		{5143B7CD-60E1-4EE1-AC8A-91D1847D7C7B}.Debug|x86.Build.0 = Debug|Any CPU
		{5143B7CD-60E1-4EE1-AC8A-91D1847D7C7B}.Release|Any CPU.ActiveCfg = Release|Any CPU
		{5143B7CD-60E1-4EE1-AC8A-91D1847D7C7B}.Release|Any CPU.Build.0 = Release|Any CPU
		{5143B7CD-60E1-4EE1-AC8A-91D1847D7C7B}.Release|x64.ActiveCfg = Release|x64
		{5143B7CD-60E1-4EE1-AC8A-91D1847D7C7B}.Release|x64.Build.0 = Release|x64
		{5143B7CD-60E1-4EE1-AC8A-91D1847D7C7B}.Release|x86.ActiveCfg = Release|Any CPU
		{5143B7CD-60E1-4EE1-AC8A-91D1847D7C7B}.Release|x86.Build.0 = Release|Any CPU
		{E3213160-47F9-4D7C-8374-ACB695281432}.Debug|Any CPU.ActiveCfg = Debug|Any CPU
		{E3213160-47F9-4D7C-8374-ACB695281432}.Debug|Any CPU.Build.0 = Debug|Any CPU
		{E3213160-47F9-4D7C-8374-ACB695281432}.Debug|x64.ActiveCfg = Debug|x64
		{E3213160-47F9-4D7C-8374-ACB695281432}.Debug|x64.Build.0 = Debug|x64
		{E3213160-47F9-4D7C-8374-ACB695281432}.Debug|x86.ActiveCfg = Debug|Any CPU
		{E3213160-47F9-4D7C-8374-ACB695281432}.Debug|x86.Build.0 = Debug|Any CPU
		{E3213160-47F9-4D7C-8374-ACB695281432}.Release|Any CPU.ActiveCfg = Release|Any CPU
		{E3213160-47F9-4D7C-8374-ACB695281432}.Release|Any CPU.Build.0 = Release|Any CPU
		{E3213160-47F9-4D7C-8374-ACB695281432}.Release|x64.ActiveCfg = Release|x64
		{E3213160-47F9-4D7C-8374-ACB695281432}.Release|x64.Build.0 = Release|x64
		{E3213160-47F9-4D7C-8374-ACB695281432}.Release|x86.ActiveCfg = Release|Any CPU
		{E3213160-47F9-4D7C-8374-ACB695281432}.Release|x86.Build.0 = Release|Any CPU
		{FD47AD0A-3499-440A-85B3-786B86E69E3D}.Debug|Any CPU.ActiveCfg = Debug|Any CPU
		{FD47AD0A-3499-440A-85B3-786B86E69E3D}.Debug|Any CPU.Build.0 = Debug|Any CPU
		{FD47AD0A-3499-440A-85B3-786B86E69E3D}.Debug|x64.ActiveCfg = Debug|x64
		{FD47AD0A-3499-440A-85B3-786B86E69E3D}.Debug|x64.Build.0 = Debug|x64
		{FD47AD0A-3499-440A-85B3-786B86E69E3D}.Debug|x86.ActiveCfg = Debug|Any CPU
		{FD47AD0A-3499-440A-85B3-786B86E69E3D}.Debug|x86.Build.0 = Debug|Any CPU
		{FD47AD0A-3499-440A-85B3-786B86E69E3D}.Release|Any CPU.ActiveCfg = Release|Any CPU
		{FD47AD0A-3499-440A-85B3-786B86E69E3D}.Release|Any CPU.Build.0 = Release|Any CPU
		{FD47AD0A-3499-440A-85B3-786B86E69E3D}.Release|x64.ActiveCfg = Release|x64
		{FD47AD0A-3499-440A-85B3-786B86E69E3D}.Release|x64.Build.0 = Release|x64
		{FD47AD0A-3499-440A-85B3-786B86E69E3D}.Release|x86.ActiveCfg = Release|Any CPU
		{FD47AD0A-3499-440A-85B3-786B86E69E3D}.Release|x86.Build.0 = Release|Any CPU
		{BDBDA3CD-E707-496C-B1AA-C4FF83764CA6}.Debug|Any CPU.ActiveCfg = Debug|Any CPU
		{BDBDA3CD-E707-496C-B1AA-C4FF83764CA6}.Debug|Any CPU.Build.0 = Debug|Any CPU
		{BDBDA3CD-E707-496C-B1AA-C4FF83764CA6}.Debug|x64.ActiveCfg = Debug|x64
		{BDBDA3CD-E707-496C-B1AA-C4FF83764CA6}.Debug|x64.Build.0 = Debug|x64
		{BDBDA3CD-E707-496C-B1AA-C4FF83764CA6}.Debug|x86.ActiveCfg = Debug|Any CPU
		{BDBDA3CD-E707-496C-B1AA-C4FF83764CA6}.Debug|x86.Build.0 = Debug|Any CPU
		{BDBDA3CD-E707-496C-B1AA-C4FF83764CA6}.Release|Any CPU.ActiveCfg = Release|Any CPU
		{BDBDA3CD-E707-496C-B1AA-C4FF83764CA6}.Release|Any CPU.Build.0 = Release|Any CPU
		{BDBDA3CD-E707-496C-B1AA-C4FF83764CA6}.Release|x64.ActiveCfg = Release|x64
		{BDBDA3CD-E707-496C-B1AA-C4FF83764CA6}.Release|x64.Build.0 = Release|x64
		{BDBDA3CD-E707-496C-B1AA-C4FF83764CA6}.Release|x86.ActiveCfg = Release|Any CPU
		{BDBDA3CD-E707-496C-B1AA-C4FF83764CA6}.Release|x86.Build.0 = Release|Any CPU
		{FD7FD90E-294A-4966-AF3C-A3AAC3253C86}.Debug|Any CPU.ActiveCfg = Debug|Any CPU
		{FD7FD90E-294A-4966-AF3C-A3AAC3253C86}.Debug|Any CPU.Build.0 = Debug|Any CPU
		{FD7FD90E-294A-4966-AF3C-A3AAC3253C86}.Debug|x64.ActiveCfg = Debug|x64
		{FD7FD90E-294A-4966-AF3C-A3AAC3253C86}.Debug|x64.Build.0 = Debug|x64
		{FD7FD90E-294A-4966-AF3C-A3AAC3253C86}.Debug|x86.ActiveCfg = Debug|Any CPU
		{FD7FD90E-294A-4966-AF3C-A3AAC3253C86}.Debug|x86.Build.0 = Debug|Any CPU
		{FD7FD90E-294A-4966-AF3C-A3AAC3253C86}.Release|Any CPU.ActiveCfg = Release|Any CPU
		{FD7FD90E-294A-4966-AF3C-A3AAC3253C86}.Release|Any CPU.Build.0 = Release|Any CPU
		{FD7FD90E-294A-4966-AF3C-A3AAC3253C86}.Release|x64.ActiveCfg = Release|x64
		{FD7FD90E-294A-4966-AF3C-A3AAC3253C86}.Release|x64.Build.0 = Release|x64
		{FD7FD90E-294A-4966-AF3C-A3AAC3253C86}.Release|x86.ActiveCfg = Release|Any CPU
		{FD7FD90E-294A-4966-AF3C-A3AAC3253C86}.Release|x86.Build.0 = Release|Any CPU
		{BA25D2F9-B0A3-4AD4-B947-EA6F2663687C}.Debug|Any CPU.ActiveCfg = Debug|x86
		{BA25D2F9-B0A3-4AD4-B947-EA6F2663687C}.Debug|Any CPU.Build.0 = Debug|x86
		{BA25D2F9-B0A3-4AD4-B947-EA6F2663687C}.Debug|x64.ActiveCfg = Debug|x86
		{BA25D2F9-B0A3-4AD4-B947-EA6F2663687C}.Debug|x86.ActiveCfg = Debug|x86
		{BA25D2F9-B0A3-4AD4-B947-EA6F2663687C}.Debug|x86.Build.0 = Debug|x86
		{BA25D2F9-B0A3-4AD4-B947-EA6F2663687C}.Release|Any CPU.ActiveCfg = Release|x86
		{BA25D2F9-B0A3-4AD4-B947-EA6F2663687C}.Release|Any CPU.Build.0 = Release|x86
		{BA25D2F9-B0A3-4AD4-B947-EA6F2663687C}.Release|x64.ActiveCfg = Release|x86
		{BA25D2F9-B0A3-4AD4-B947-EA6F2663687C}.Release|x86.ActiveCfg = Release|x86
		{BA25D2F9-B0A3-4AD4-B947-EA6F2663687C}.Release|x86.Build.0 = Release|x86
		{F826888B-3BAB-41B8-9ED6-5B790645D1C2}.Debug|Any CPU.ActiveCfg = Debug|Any CPU
		{F826888B-3BAB-41B8-9ED6-5B790645D1C2}.Debug|Any CPU.Build.0 = Debug|Any CPU
		{F826888B-3BAB-41B8-9ED6-5B790645D1C2}.Debug|x64.ActiveCfg = Debug|x64
		{F826888B-3BAB-41B8-9ED6-5B790645D1C2}.Debug|x64.Build.0 = Debug|x64
		{F826888B-3BAB-41B8-9ED6-5B790645D1C2}.Debug|x86.ActiveCfg = Debug|Any CPU
		{F826888B-3BAB-41B8-9ED6-5B790645D1C2}.Debug|x86.Build.0 = Debug|Any CPU
		{F826888B-3BAB-41B8-9ED6-5B790645D1C2}.Release|Any CPU.ActiveCfg = Release|Any CPU
		{F826888B-3BAB-41B8-9ED6-5B790645D1C2}.Release|Any CPU.Build.0 = Release|Any CPU
		{F826888B-3BAB-41B8-9ED6-5B790645D1C2}.Release|x64.ActiveCfg = Release|x64
		{F826888B-3BAB-41B8-9ED6-5B790645D1C2}.Release|x64.Build.0 = Release|x64
		{F826888B-3BAB-41B8-9ED6-5B790645D1C2}.Release|x86.ActiveCfg = Release|Any CPU
		{F826888B-3BAB-41B8-9ED6-5B790645D1C2}.Release|x86.Build.0 = Release|Any CPU
	EndGlobalSection
	GlobalSection(SolutionProperties) = preSolution
		HideSolutionNode = FALSE
	EndGlobalSection
	GlobalSection(NestedProjects) = preSolution
		{0D421905-07EC-46A2-B783-3744A1CEB4C8} = {0DA057BF-420B-4ED2-90C1-9E3060DEB8A1}
		{B0ADACAB-F30C-4F94-B72A-32BF97A37E8B} = {4C1F814F-AE93-46E8-8894-3E13DE413524}
		{2107D5AB-8805-4C97-B657-46E5EAECB0E3} = {4C1F814F-AE93-46E8-8894-3E13DE413524}
		{6F9AAC6C-7761-423B-A4FB-9C69E81E58F1} = {A8DECE5F-4B99-40D2-9DF5-67B74E9598A4}
		{DF8B8DC1-F70F-41AB-AB24-248C35984DDF} = {596B4213-C770-47D8-8334-39F068CEDF84}
		{AB92A8E0-CE34-4EF5-BBCE-19AE1A16C40D} = {596B4213-C770-47D8-8334-39F068CEDF84}
		{F6055C2C-AEBD-45CD-9638-08DEB5208EEF} = {596B4213-C770-47D8-8334-39F068CEDF84}
		{D045C31F-E8B5-41AC-B6C9-D0C9120AA799} = {2D7BA897-7C75-49EF-88AE-F94F8007A188}
		{CFBC7910-B952-4227-9294-810F4D6C17CB} = {2D7BA897-7C75-49EF-88AE-F94F8007A188}
		{C92C0139-3455-4C11-9456-BB5EB7B03B8A} = {2D7BA897-7C75-49EF-88AE-F94F8007A188}
		{5143B7CD-60E1-4EE1-AC8A-91D1847D7C7B} = {B376A77E-462F-48B3-9B76-1206039D553A}
		{E3213160-47F9-4D7C-8374-ACB695281432} = {2D7BA897-7C75-49EF-88AE-F94F8007A188}
		{FD47AD0A-3499-440A-85B3-786B86E69E3D} = {2D7BA897-7C75-49EF-88AE-F94F8007A188}
		{BDBDA3CD-E707-496C-B1AA-C4FF83764CA6} = {2D7BA897-7C75-49EF-88AE-F94F8007A188}
		{FD7FD90E-294A-4966-AF3C-A3AAC3253C86} = {2D7BA897-7C75-49EF-88AE-F94F8007A188}
		{BA25D2F9-B0A3-4AD4-B947-EA6F2663687C} = {03370A77-911A-4999-9ACD-1AAC59D3B27D}
		{F826888B-3BAB-41B8-9ED6-5B790645D1C2} = {0DA057BF-420B-4ED2-90C1-9E3060DEB8A1}
	EndGlobalSection
EndGlobal
