
Microsoft Visual Studio Solution File, Format Version 12.00
# Visual Studio 14
VisualStudioVersion = 14.0.25420.1
MinimumVisualStudioVersion = 10.0.40219.1
Project("{FAE04EC0-301F-11D3-BF4B-00C04F79EFBC}") = "Whip", "Whip\Whip.csproj", "{F826888B-3BAB-41B8-9ED6-5B790645D1C2}"
EndProject
Project("{FAE04EC0-301F-11D3-BF4B-00C04F79EFBC}") = "Whip.ViewModels", "Whip.ViewModels\Whip.ViewModels.csproj", "{0D421905-07EC-46A2-B783-3744A1CEB4C8}"
EndProject
Project("{FAE04EC0-301F-11D3-BF4B-00C04F79EFBC}") = "Whip.Common", "Whip.Common\Whip.Common.csproj", "{B0ADACAB-F30C-4F94-B72A-32BF97A37E8B}"
EndProject
Project("{FAE04EC0-301F-11D3-BF4B-00C04F79EFBC}") = "Whip.Services.Interfaces", "Whip.Services.Interfaces\Whip.Services.Interfaces.csproj", "{2107D5AB-8805-4C97-B657-46E5EAECB0E3}"
EndProject
Project("{FAE04EC0-301F-11D3-BF4B-00C04F79EFBC}") = "Whip.Services", "Whip.Services\Whip.Services.csproj", "{6F9AAC6C-7761-423B-A4FB-9C69E81E58F1}"
EndProject
Project("{FAE04EC0-301F-11D3-BF4B-00C04F79EFBC}") = "Whip.Services.Tests", "Whip.Services.Tests\Whip.Services.Tests.csproj", "{DF8B8DC1-F70F-41AB-AB24-248C35984DDF}"
EndProject
Project("{FAE04EC0-301F-11D3-BF4B-00C04F79EFBC}") = "Whip.ViewModels.Tests", "Whip.ViewModels.Tests\Whip.ViewModels.Tests.csproj", "{AB92A8E0-CE34-4EF5-BBCE-19AE1A16C40D}"
EndProject
Project("{2150E333-8FDC-42A3-9474-1A3956D46DE8}") = "5. Tests", "5. Tests", "{596B4213-C770-47D8-8334-39F068CEDF84}"
EndProject
Project("{2150E333-8FDC-42A3-9474-1A3956D46DE8}") = "1. View", "1. View", "{0DA057BF-420B-4ED2-90C1-9E3060DEB8A1}"
EndProject
Project("{2150E333-8FDC-42A3-9474-1A3956D46DE8}") = "2. Common", "2. Common", "{4C1F814F-AE93-46E8-8894-3E13DE413524}"
EndProject
Project("{2150E333-8FDC-42A3-9474-1A3956D46DE8}") = "3. Services", "3. Services", "{A8DECE5F-4B99-40D2-9DF5-67B74E9598A4}"
EndProject
Project("{FAE04EC0-301F-11D3-BF4B-00C04F79EFBC}") = "Whip.Resources", "Whip.Resources\Whip.Resources.csproj", "{12CB240B-3A9B-4790-B523-2B170E6B75C3}"
EndProject
Project("{FAE04EC0-301F-11D3-BF4B-00C04F79EFBC}") = "TagLibSharp", "TagLibSharp\TagLibSharp.csproj", "{CFBC7910-B952-4227-9294-810F4D6C17CB}"
EndProject
Project("{2150E333-8FDC-42A3-9474-1A3956D46DE8}") = "4. Third Party Libraries", "4. Third Party Libraries", "{CF53F406-75C1-4B02-A760-F0942D384A93}"
EndProject
Project("{FAE04EC0-301F-11D3-BF4B-00C04F79EFBC}") = "Whip.ThirdPartyLibraries.Tests", "Whip.ThirdPartyLibraries.Tests\Whip.ThirdPartyLibraries.Tests.csproj", "{F6055C2C-AEBD-45CD-9638-08DEB5208EEF}"
EndProject
Global
	GlobalSection(SolutionConfigurationPlatforms) = preSolution
		Debug|Any CPU = Debug|Any CPU
		Release|Any CPU = Release|Any CPU
	EndGlobalSection
	GlobalSection(ProjectConfigurationPlatforms) = postSolution
		{F826888B-3BAB-41B8-9ED6-5B790645D1C2}.Debug|Any CPU.ActiveCfg = Debug|Any CPU
		{F826888B-3BAB-41B8-9ED6-5B790645D1C2}.Debug|Any CPU.Build.0 = Debug|Any CPU
		{F826888B-3BAB-41B8-9ED6-5B790645D1C2}.Release|Any CPU.ActiveCfg = Release|Any CPU
		{F826888B-3BAB-41B8-9ED6-5B790645D1C2}.Release|Any CPU.Build.0 = Release|Any CPU
		{0D421905-07EC-46A2-B783-3744A1CEB4C8}.Debug|Any CPU.ActiveCfg = Debug|Any CPU
		{0D421905-07EC-46A2-B783-3744A1CEB4C8}.Debug|Any CPU.Build.0 = Debug|Any CPU
		{0D421905-07EC-46A2-B783-3744A1CEB4C8}.Release|Any CPU.ActiveCfg = Release|Any CPU
		{0D421905-07EC-46A2-B783-3744A1CEB4C8}.Release|Any CPU.Build.0 = Release|Any CPU
		{B0ADACAB-F30C-4F94-B72A-32BF97A37E8B}.Debug|Any CPU.ActiveCfg = Debug|Any CPU
		{B0ADACAB-F30C-4F94-B72A-32BF97A37E8B}.Debug|Any CPU.Build.0 = Debug|Any CPU
		{B0ADACAB-F30C-4F94-B72A-32BF97A37E8B}.Release|Any CPU.ActiveCfg = Release|Any CPU
		{B0ADACAB-F30C-4F94-B72A-32BF97A37E8B}.Release|Any CPU.Build.0 = Release|Any CPU
		{2107D5AB-8805-4C97-B657-46E5EAECB0E3}.Debug|Any CPU.ActiveCfg = Debug|Any CPU
		{2107D5AB-8805-4C97-B657-46E5EAECB0E3}.Debug|Any CPU.Build.0 = Debug|Any CPU
		{2107D5AB-8805-4C97-B657-46E5EAECB0E3}.Release|Any CPU.ActiveCfg = Release|Any CPU
		{2107D5AB-8805-4C97-B657-46E5EAECB0E3}.Release|Any CPU.Build.0 = Release|Any CPU
		{6F9AAC6C-7761-423B-A4FB-9C69E81E58F1}.Debug|Any CPU.ActiveCfg = Debug|Any CPU
		{6F9AAC6C-7761-423B-A4FB-9C69E81E58F1}.Debug|Any CPU.Build.0 = Debug|Any CPU
		{6F9AAC6C-7761-423B-A4FB-9C69E81E58F1}.Release|Any CPU.ActiveCfg = Release|Any CPU
		{6F9AAC6C-7761-423B-A4FB-9C69E81E58F1}.Release|Any CPU.Build.0 = Release|Any CPU
		{DF8B8DC1-F70F-41AB-AB24-248C35984DDF}.Debug|Any CPU.ActiveCfg = Debug|Any CPU
		{DF8B8DC1-F70F-41AB-AB24-248C35984DDF}.Debug|Any CPU.Build.0 = Debug|Any CPU
		{DF8B8DC1-F70F-41AB-AB24-248C35984DDF}.Release|Any CPU.ActiveCfg = Release|Any CPU
		{DF8B8DC1-F70F-41AB-AB24-248C35984DDF}.Release|Any CPU.Build.0 = Release|Any CPU
		{AB92A8E0-CE34-4EF5-BBCE-19AE1A16C40D}.Debug|Any CPU.ActiveCfg = Debug|Any CPU
		{AB92A8E0-CE34-4EF5-BBCE-19AE1A16C40D}.Debug|Any CPU.Build.0 = Debug|Any CPU
		{AB92A8E0-CE34-4EF5-BBCE-19AE1A16C40D}.Release|Any CPU.ActiveCfg = Release|Any CPU
		{AB92A8E0-CE34-4EF5-BBCE-19AE1A16C40D}.Release|Any CPU.Build.0 = Release|Any CPU
		{12CB240B-3A9B-4790-B523-2B170E6B75C3}.Debug|Any CPU.ActiveCfg = Debug|Any CPU
		{12CB240B-3A9B-4790-B523-2B170E6B75C3}.Debug|Any CPU.Build.0 = Debug|Any CPU
		{12CB240B-3A9B-4790-B523-2B170E6B75C3}.Release|Any CPU.ActiveCfg = Release|Any CPU
		{12CB240B-3A9B-4790-B523-2B170E6B75C3}.Release|Any CPU.Build.0 = Release|Any CPU
		{CFBC7910-B952-4227-9294-810F4D6C17CB}.Debug|Any CPU.ActiveCfg = Debug|Any CPU
		{CFBC7910-B952-4227-9294-810F4D6C17CB}.Debug|Any CPU.Build.0 = Debug|Any CPU
		{CFBC7910-B952-4227-9294-810F4D6C17CB}.Release|Any CPU.ActiveCfg = Release|Any CPU
		{CFBC7910-B952-4227-9294-810F4D6C17CB}.Release|Any CPU.Build.0 = Release|Any CPU
		{F6055C2C-AEBD-45CD-9638-08DEB5208EEF}.Debug|Any CPU.ActiveCfg = Debug|Any CPU
		{F6055C2C-AEBD-45CD-9638-08DEB5208EEF}.Debug|Any CPU.Build.0 = Debug|Any CPU
		{F6055C2C-AEBD-45CD-9638-08DEB5208EEF}.Release|Any CPU.ActiveCfg = Release|Any CPU
		{F6055C2C-AEBD-45CD-9638-08DEB5208EEF}.Release|Any CPU.Build.0 = Release|Any CPU
	EndGlobalSection
	GlobalSection(SolutionProperties) = preSolution
		HideSolutionNode = FALSE
	EndGlobalSection
	GlobalSection(NestedProjects) = preSolution
		{F826888B-3BAB-41B8-9ED6-5B790645D1C2} = {0DA057BF-420B-4ED2-90C1-9E3060DEB8A1}
		{0D421905-07EC-46A2-B783-3744A1CEB4C8} = {0DA057BF-420B-4ED2-90C1-9E3060DEB8A1}
		{B0ADACAB-F30C-4F94-B72A-32BF97A37E8B} = {4C1F814F-AE93-46E8-8894-3E13DE413524}
		{2107D5AB-8805-4C97-B657-46E5EAECB0E3} = {4C1F814F-AE93-46E8-8894-3E13DE413524}
		{6F9AAC6C-7761-423B-A4FB-9C69E81E58F1} = {A8DECE5F-4B99-40D2-9DF5-67B74E9598A4}
		{DF8B8DC1-F70F-41AB-AB24-248C35984DDF} = {596B4213-C770-47D8-8334-39F068CEDF84}
		{AB92A8E0-CE34-4EF5-BBCE-19AE1A16C40D} = {596B4213-C770-47D8-8334-39F068CEDF84}
		{12CB240B-3A9B-4790-B523-2B170E6B75C3} = {4C1F814F-AE93-46E8-8894-3E13DE413524}
		{CFBC7910-B952-4227-9294-810F4D6C17CB} = {CF53F406-75C1-4B02-A760-F0942D384A93}
		{F6055C2C-AEBD-45CD-9638-08DEB5208EEF} = {596B4213-C770-47D8-8334-39F068CEDF84}
	EndGlobalSection
EndGlobal
